// !$*UTF8*$!
{
	archiveVersion = 1;
	classes = {
	};
	objectVersion = 51;
	objects = {

/* Begin PBXBuildFile section */
		2C8D701F23588E5400F6442E /* AppDelegate.swift in Sources */ = {isa = PBXBuildFile; fileRef = 2C8D701E23588E5400F6442E /* AppDelegate.swift */; };
		2C8D702123588E5400F6442E /* SceneDelegate.swift in Sources */ = {isa = PBXBuildFile; fileRef = 2C8D702023588E5400F6442E /* SceneDelegate.swift */; };
		2C8D702323588E5400F6442E /* ViewController.swift in Sources */ = {isa = PBXBuildFile; fileRef = 2C8D702223588E5400F6442E /* ViewController.swift */; };
		2C8D702623588E5400F6442E /* Main.storyboard in Resources */ = {isa = PBXBuildFile; fileRef = 2C8D702423588E5400F6442E /* Main.storyboard */; };
		2C8D702823588E5600F6442E /* Assets.xcassets in Resources */ = {isa = PBXBuildFile; fileRef = 2C8D702723588E5600F6442E /* Assets.xcassets */; };
		2C8D702B23588E5600F6442E /* LaunchScreen.storyboard in Resources */ = {isa = PBXBuildFile; fileRef = 2C8D702923588E5600F6442E /* LaunchScreen.storyboard */; };
		2C8D703323588F6D00F6442E /* DataManager.swift in Sources */ = {isa = PBXBuildFile; fileRef = 2C8D703223588F6D00F6442E /* DataManager.swift */; };
		5ABDF70B3D1FA50F6DE65783 /* Pods_DataMimePOC.framework in Frameworks */ = {isa = PBXBuildFile; fileRef = BB6850034B58FA18C3F9545B /* Pods_DataMimePOC.framework */; };
/* End PBXBuildFile section */

/* Begin PBXFileReference section */
		2C8D701B23588E5300F6442E /* DataMimePOC.app */ = {isa = PBXFileReference; explicitFileType = wrapper.application; includeInIndex = 0; path = DataMimePOC.app; sourceTree = BUILT_PRODUCTS_DIR; };
		2C8D701E23588E5400F6442E /* AppDelegate.swift */ = {isa = PBXFileReference; lastKnownFileType = sourcecode.swift; path = AppDelegate.swift; sourceTree = "<group>"; };
		2C8D702023588E5400F6442E /* SceneDelegate.swift */ = {isa = PBXFileReference; lastKnownFileType = sourcecode.swift; path = SceneDelegate.swift; sourceTree = "<group>"; };
		2C8D702223588E5400F6442E /* ViewController.swift */ = {isa = PBXFileReference; lastKnownFileType = sourcecode.swift; path = ViewController.swift; sourceTree = "<group>"; };
		2C8D702523588E5400F6442E /* Base */ = {isa = PBXFileReference; lastKnownFileType = file.storyboard; name = Base; path = Base.lproj/Main.storyboard; sourceTree = "<group>"; };
		2C8D702723588E5600F6442E /* Assets.xcassets */ = {isa = PBXFileReference; lastKnownFileType = folder.assetcatalog; path = Assets.xcassets; sourceTree = "<group>"; };
		2C8D702A23588E5600F6442E /* Base */ = {isa = PBXFileReference; lastKnownFileType = file.storyboard; name = Base; path = Base.lproj/LaunchScreen.storyboard; sourceTree = "<group>"; };
		2C8D702C23588E5600F6442E /* Info.plist */ = {isa = PBXFileReference; lastKnownFileType = text.plist.xml; path = Info.plist; sourceTree = "<group>"; };
		2C8D703223588F6D00F6442E /* DataManager.swift */ = {isa = PBXFileReference; fileEncoding = 4; lastKnownFileType = sourcecode.swift; path = DataManager.swift; sourceTree = "<group>"; };
		A3F09F383308753E951E9A9A /* Pods-DataMimePOC.release.xcconfig */ = {isa = PBXFileReference; includeInIndex = 1; lastKnownFileType = text.xcconfig; name = "Pods-DataMimePOC.release.xcconfig"; path = "Target Support Files/Pods-DataMimePOC/Pods-DataMimePOC.release.xcconfig"; sourceTree = "<group>"; };
		A71F1ADC79530D4C0815E3D8 /* Pods-DataMimePOC.debug.xcconfig */ = {isa = PBXFileReference; includeInIndex = 1; lastKnownFileType = text.xcconfig; name = "Pods-DataMimePOC.debug.xcconfig"; path = "Target Support Files/Pods-DataMimePOC/Pods-DataMimePOC.debug.xcconfig"; sourceTree = "<group>"; };
		BB6850034B58FA18C3F9545B /* Pods_DataMimePOC.framework */ = {isa = PBXFileReference; explicitFileType = wrapper.framework; includeInIndex = 0; path = Pods_DataMimePOC.framework; sourceTree = BUILT_PRODUCTS_DIR; };
/* End PBXFileReference section */

/* Begin PBXFrameworksBuildPhase section */
		2C8D701823588E5300F6442E /* Frameworks */ = {
			isa = PBXFrameworksBuildPhase;
			buildActionMask = 2147483647;
			files = (
				5ABDF70B3D1FA50F6DE65783 /* Pods_DataMimePOC.framework in Frameworks */,
			);
			runOnlyForDeploymentPostprocessing = 0;
		};
/* End PBXFrameworksBuildPhase section */

/* Begin PBXGroup section */
		2C8D701223588E5300F6442E = {
			isa = PBXGroup;
			children = (
				2C8D701D23588E5400F6442E /* DataMimePOC */,
				2C8D701C23588E5400F6442E /* Products */,
				37721C11F7A42A15070FDBFD /* Pods */,
				492067D717E6B0215523C212 /* Frameworks */,
			);
			sourceTree = "<group>";
		};
		2C8D701C23588E5400F6442E /* Products */ = {
			isa = PBXGroup;
			children = (
				2C8D701B23588E5300F6442E /* DataMimePOC.app */,
			);
			name = Products;
			sourceTree = "<group>";
		};
		2C8D701D23588E5400F6442E /* DataMimePOC */ = {
			isa = PBXGroup;
			children = (
				2C8D701E23588E5400F6442E /* AppDelegate.swift */,
				2C8D702023588E5400F6442E /* SceneDelegate.swift */,
				2C8D702223588E5400F6442E /* ViewController.swift */,
				2C8D703223588F6D00F6442E /* DataManager.swift */,
				2C8D702423588E5400F6442E /* Main.storyboard */,
				2C8D702723588E5600F6442E /* Assets.xcassets */,
				2C8D702923588E5600F6442E /* LaunchScreen.storyboard */,
				2C8D702C23588E5600F6442E /* Info.plist */,
			);
			path = DataMimePOC;
			sourceTree = "<group>";
		};
		37721C11F7A42A15070FDBFD /* Pods */ = {
			isa = PBXGroup;
			children = (
				A71F1ADC79530D4C0815E3D8 /* Pods-DataMimePOC.debug.xcconfig */,
				A3F09F383308753E951E9A9A /* Pods-DataMimePOC.release.xcconfig */,
			);
			path = Pods;
			sourceTree = "<group>";
		};
		492067D717E6B0215523C212 /* Frameworks */ = {
			isa = PBXGroup;
			children = (
				BB6850034B58FA18C3F9545B /* Pods_DataMimePOC.framework */,
			);
			name = Frameworks;
			sourceTree = "<group>";
		};
/* End PBXGroup section */

/* Begin PBXNativeTarget section */
		2C8D701A23588E5300F6442E /* DataMimePOC */ = {
			isa = PBXNativeTarget;
			buildConfigurationList = 2C8D702F23588E5600F6442E /* Build configuration list for PBXNativeTarget "DataMimePOC" */;
			buildPhases = (
				AEAA0F4EA4E6CA6639CABA79 /* [CP] Check Pods Manifest.lock */,
				2C8D701723588E5300F6442E /* Sources */,
				2C8D701823588E5300F6442E /* Frameworks */,
				2C8D701923588E5300F6442E /* Resources */,
				7951DD13A473FD64D88C0C85 /* [CP] Embed Pods Frameworks */,
			);
			buildRules = (
			);
			dependencies = (
			);
			name = DataMimePOC;
			productName = DataMimePOC;
			productReference = 2C8D701B23588E5300F6442E /* DataMimePOC.app */;
			productType = "com.apple.product-type.application";
		};
/* End PBXNativeTarget section */

/* Begin PBXProject section */
		2C8D701323588E5300F6442E /* Project object */ = {
			isa = PBXProject;
			attributes = {
				LastSwiftUpdateCheck = 1110;
				LastUpgradeCheck = 1110;
				ORGANIZATIONNAME = com.DataMimePOC;
				TargetAttributes = {
					2C8D701A23588E5300F6442E = {
						CreatedOnToolsVersion = 11.1;
					};
				};
			};
			buildConfigurationList = 2C8D701623588E5300F6442E /* Build configuration list for PBXProject "DataMimePOC" */;
			compatibilityVersion = "Xcode 9.3";
			developmentRegion = en;
			hasScannedForEncodings = 0;
			knownRegions = (
				en,
				Base,
			);
			mainGroup = 2C8D701223588E5300F6442E;
			productRefGroup = 2C8D701C23588E5400F6442E /* Products */;
			projectDirPath = "";
			projectRoot = "";
			targets = (
				2C8D701A23588E5300F6442E /* DataMimePOC */,
			);
		};
/* End PBXProject section */

/* Begin PBXResourcesBuildPhase section */
		2C8D701923588E5300F6442E /* Resources */ = {
			isa = PBXResourcesBuildPhase;
			buildActionMask = 2147483647;
			files = (
				2C8D702B23588E5600F6442E /* LaunchScreen.storyboard in Resources */,
				2C8D702823588E5600F6442E /* Assets.xcassets in Resources */,
				2C8D702623588E5400F6442E /* Main.storyboard in Resources */,
			);
			runOnlyForDeploymentPostprocessing = 0;
		};
/* End PBXResourcesBuildPhase section */

/* Begin PBXShellScriptBuildPhase section */
		7951DD13A473FD64D88C0C85 /* [CP] Embed Pods Frameworks */ = {
			isa = PBXShellScriptBuildPhase;
			buildActionMask = 2147483647;
			files = (
			);
			inputFileListPaths = (
				"${PODS_ROOT}/Target Support Files/Pods-DataMimePOC/Pods-DataMimePOC-frameworks-${CONFIGURATION}-input-files.xcfilelist",
			);
			name = "[CP] Embed Pods Frameworks";
			outputFileListPaths = (
				"${PODS_ROOT}/Target Support Files/Pods-DataMimePOC/Pods-DataMimePOC-frameworks-${CONFIGURATION}-output-files.xcfilelist",
			);
			runOnlyForDeploymentPostprocessing = 0;
			shellPath = /bin/sh;
			shellScript = "\"${PODS_ROOT}/Target Support Files/Pods-DataMimePOC/Pods-DataMimePOC-frameworks.sh\"\n";
			showEnvVarsInLog = 0;
		};
		AEAA0F4EA4E6CA6639CABA79 /* [CP] Check Pods Manifest.lock */ = {
			isa = PBXShellScriptBuildPhase;
			buildActionMask = 2147483647;
			files = (
			);
			inputFileListPaths = (
			);
			inputPaths = (
				"${PODS_PODFILE_DIR_PATH}/Podfile.lock",
				"${PODS_ROOT}/Manifest.lock",
			);
			name = "[CP] Check Pods Manifest.lock";
			outputFileListPaths = (
			);
			outputPaths = (
				"$(DERIVED_FILE_DIR)/Pods-DataMimePOC-checkManifestLockResult.txt",
			);
			runOnlyForDeploymentPostprocessing = 0;
			shellPath = /bin/sh;
			shellScript = "diff \"${PODS_PODFILE_DIR_PATH}/Podfile.lock\" \"${PODS_ROOT}/Manifest.lock\" > /dev/null\nif [ $? != 0 ] ; then\n    # print error to STDERR\n    echo \"error: The sandbox is not in sync with the Podfile.lock. Run 'pod install' or update your CocoaPods installation.\" >&2\n    exit 1\nfi\n# This output is used by Xcode 'outputs' to avoid re-running this script phase.\necho \"SUCCESS\" > \"${SCRIPT_OUTPUT_FILE_0}\"\n";
			showEnvVarsInLog = 0;
		};
/* End PBXShellScriptBuildPhase section */

/* Begin PBXSourcesBuildPhase section */
		2C8D701723588E5300F6442E /* Sources */ = {
			isa = PBXSourcesBuildPhase;
			buildActionMask = 2147483647;
			files = (
				2C8D702323588E5400F6442E /* ViewController.swift in Sources */,
				2C8D703323588F6D00F6442E /* DataManager.swift in Sources */,
				2C8D701F23588E5400F6442E /* AppDelegate.swift in Sources */,
				2C8D702123588E5400F6442E /* SceneDelegate.swift in Sources */,
			);
			runOnlyForDeploymentPostprocessing = 0;
		};
/* End PBXSourcesBuildPhase section */

/* Begin PBXVariantGroup section */
		2C8D702423588E5400F6442E /* Main.storyboard */ = {
			isa = PBXVariantGroup;
			children = (
				2C8D702523588E5400F6442E /* Base */,
			);
			name = Main.storyboard;
			sourceTree = "<group>";
		};
		2C8D702923588E5600F6442E /* LaunchScreen.storyboard */ = {
			isa = PBXVariantGroup;
			children = (
				2C8D702A23588E5600F6442E /* Base */,
			);
			name = LaunchScreen.storyboard;
			sourceTree = "<group>";
		};
/* End PBXVariantGroup section */

/* Begin XCBuildConfiguration section */
		2C8D702D23588E5600F6442E /* Debug */ = {
			isa = XCBuildConfiguration;
			buildSettings = {
				ALWAYS_SEARCH_USER_PATHS = NO;
				CLANG_ANALYZER_NONNULL = YES;
				CLANG_ANALYZER_NUMBER_OBJECT_CONVERSION = YES_AGGRESSIVE;
				CLANG_CXX_LANGUAGE_STANDARD = "gnu++14";
				CLANG_CXX_LIBRARY = "libc++";
				CLANG_ENABLE_MODULES = YES;
				CLANG_ENABLE_OBJC_ARC = YES;
				CLANG_ENABLE_OBJC_WEAK = YES;
				CLANG_WARN_BLOCK_CAPTURE_AUTORELEASING = YES;
				CLANG_WARN_BOOL_CONVERSION = YES;
				CLANG_WARN_COMMA = YES;
				CLANG_WARN_CONSTANT_CONVERSION = YES;
				CLANG_WARN_DEPRECATED_OBJC_IMPLEMENTATIONS = YES;
				CLANG_WARN_DIRECT_OBJC_ISA_USAGE = YES_ERROR;
				CLANG_WARN_DOCUMENTATION_COMMENTS = YES;
				CLANG_WARN_EMPTY_BODY = YES;
				CLANG_WARN_ENUM_CONVERSION = YES;
				CLANG_WARN_INFINITE_RECURSION = YES;
				CLANG_WARN_INT_CONVERSION = YES;
				CLANG_WARN_NON_LITERAL_NULL_CONVERSION = YES;
				CLANG_WARN_OBJC_IMPLICIT_RETAIN_SELF = YES;
				CLANG_WARN_OBJC_LITERAL_CONVERSION = YES;
				CLANG_WARN_OBJC_ROOT_CLASS = YES_ERROR;
				CLANG_WARN_RANGE_LOOP_ANALYSIS = YES;
				CLANG_WARN_STRICT_PROTOTYPES = YES;
				CLANG_WARN_SUSPICIOUS_MOVE = YES;
				CLANG_WARN_UNGUARDED_AVAILABILITY = YES_AGGRESSIVE;
				CLANG_WARN_UNREACHABLE_CODE = YES;
				CLANG_WARN__DUPLICATE_METHOD_MATCH = YES;
				COPY_PHASE_STRIP = NO;
				DEBUG_INFORMATION_FORMAT = dwarf;
				ENABLE_STRICT_OBJC_MSGSEND = YES;
				ENABLE_TESTABILITY = YES;
				GCC_C_LANGUAGE_STANDARD = gnu11;
				GCC_DYNAMIC_NO_PIC = NO;
				GCC_NO_COMMON_BLOCKS = YES;
				GCC_OPTIMIZATION_LEVEL = 0;
				GCC_PREPROCESSOR_DEFINITIONS = (
					"DEBUG=1",
					"$(inherited)",
				);
				GCC_WARN_64_TO_32_BIT_CONVERSION = YES;
				GCC_WARN_ABOUT_RETURN_TYPE = YES_ERROR;
				GCC_WARN_UNDECLARED_SELECTOR = YES;
				GCC_WARN_UNINITIALIZED_AUTOS = YES_AGGRESSIVE;
				GCC_WARN_UNUSED_FUNCTION = YES;
				GCC_WARN_UNUSED_VARIABLE = YES;
				IPHONEOS_DEPLOYMENT_TARGET = 13.1;
				MTL_ENABLE_DEBUG_INFO = INCLUDE_SOURCE;
				MTL_FAST_MATH = YES;
				ONLY_ACTIVE_ARCH = YES;
				SDKROOT = iphoneos;
				SWIFT_ACTIVE_COMPILATION_CONDITIONS = DEBUG;
				SWIFT_OPTIMIZATION_LEVEL = "-Onone";
			};
			name = Debug;
		};
		2C8D702E23588E5600F6442E /* Release */ = {
			isa = XCBuildConfiguration;
			buildSettings = {
				ALWAYS_SEARCH_USER_PATHS = NO;
				CLANG_ANALYZER_NONNULL = YES;
				CLANG_ANALYZER_NUMBER_OBJECT_CONVERSION = YES_AGGRESSIVE;
				CLANG_CXX_LANGUAGE_STANDARD = "gnu++14";
				CLANG_CXX_LIBRARY = "libc++";
				CLANG_ENABLE_MODULES = YES;
				CLANG_ENABLE_OBJC_ARC = YES;
				CLANG_ENABLE_OBJC_WEAK = YES;
				CLANG_WARN_BLOCK_CAPTURE_AUTORELEASING = YES;
				CLANG_WARN_BOOL_CONVERSION = YES;
				CLANG_WARN_COMMA = YES;
				CLANG_WARN_CONSTANT_CONVERSION = YES;
				CLANG_WARN_DEPRECATED_OBJC_IMPLEMENTATIONS = YES;
				CLANG_WARN_DIRECT_OBJC_ISA_USAGE = YES_ERROR;
				CLANG_WARN_DOCUMENTATION_COMMENTS = YES;
				CLANG_WARN_EMPTY_BODY = YES;
				CLANG_WARN_ENUM_CONVERSION = YES;
				CLANG_WARN_INFINITE_RECURSION = YES;
				CLANG_WARN_INT_CONVERSION = YES;
				CLANG_WARN_NON_LITERAL_NULL_CONVERSION = YES;
				CLANG_WARN_OBJC_IMPLICIT_RETAIN_SELF = YES;
				CLANG_WARN_OBJC_LITERAL_CONVERSION = YES;
				CLANG_WARN_OBJC_ROOT_CLASS = YES_ERROR;
				CLANG_WARN_RANGE_LOOP_ANALYSIS = YES;
				CLANG_WARN_STRICT_PROTOTYPES = YES;
				CLANG_WARN_SUSPICIOUS_MOVE = YES;
				CLANG_WARN_UNGUARDED_AVAILABILITY = YES_AGGRESSIVE;
				CLANG_WARN_UNREACHABLE_CODE = YES;
				CLANG_WARN__DUPLICATE_METHOD_MATCH = YES;
				COPY_PHASE_STRIP = NO;
				DEBUG_INFORMATION_FORMAT = "dwarf-with-dsym";
				ENABLE_NS_ASSERTIONS = NO;
				ENABLE_STRICT_OBJC_MSGSEND = YES;
				GCC_C_LANGUAGE_STANDARD = gnu11;
				GCC_NO_COMMON_BLOCKS = YES;
				GCC_WARN_64_TO_32_BIT_CONVERSION = YES;
				GCC_WARN_ABOUT_RETURN_TYPE = YES_ERROR;
				GCC_WARN_UNDECLARED_SELECTOR = YES;
				GCC_WARN_UNINITIALIZED_AUTOS = YES_AGGRESSIVE;
				GCC_WARN_UNUSED_FUNCTION = YES;
				GCC_WARN_UNUSED_VARIABLE = YES;
				IPHONEOS_DEPLOYMENT_TARGET = 13.1;
				MTL_ENABLE_DEBUG_INFO = NO;
				MTL_FAST_MATH = YES;
				SDKROOT = iphoneos;
				SWIFT_COMPILATION_MODE = wholemodule;
				SWIFT_OPTIMIZATION_LEVEL = "-O";
				VALIDATE_PRODUCT = YES;
			};
			name = Release;
		};
		2C8D703023588E5600F6442E /* Debug */ = {
			isa = XCBuildConfiguration;
			baseConfigurationReference = A71F1ADC79530D4C0815E3D8 /* Pods-DataMimePOC.debug.xcconfig */;
			buildSettings = {
				ASSETCATALOG_COMPILER_APPICON_NAME = AppIcon;
				CODE_SIGN_STYLE = Automatic;
				DEVELOPMENT_TEAM = WPRYHTSAZ3;
				INFOPLIST_FILE = DataMimePOC/Info.plist;
				LD_RUNPATH_SEARCH_PATHS = (
					"$(inherited)",
					"@executable_path/Frameworks",
				);
				PRODUCT_BUNDLE_IDENTIFIER = com.DataMimePOC.DataMimePOC;
				PRODUCT_NAME = "$(TARGET_NAME)";
				SWIFT_VERSION = 5.0;
				TARGETED_DEVICE_FAMILY = 1;
			};
			name = Debug;
		};
		2C8D703123588E5600F6442E /* Release */ = {
			isa = XCBuildConfiguration;
			baseConfigurationReference = A3F09F383308753E951E9A9A /* Pods-DataMimePOC.release.xcconfig */;
			buildSettings = {
				ASSETCATALOG_COMPILER_APPICON_NAME = AppIcon;
				CODE_SIGN_STYLE = Automatic;
				DEVELOPMENT_TEAM = WPRYHTSAZ3;
				INFOPLIST_FILE = DataMimePOC/Info.plist;
				LD_RUNPATH_SEARCH_PATHS = (
					"$(inherited)",
					"@executable_path/Frameworks",
				);
				PRODUCT_BUNDLE_IDENTIFIER = com.DataMimePOC.DataMimePOC;
				PRODUCT_NAME = "$(TARGET_NAME)";
				SWIFT_VERSION = 5.0;
				TARGETED_DEVICE_FAMILY = 1;
			};
			name = Release;
		};
/* End XCBuildConfiguration section */

/* Begin XCConfigurationList section */
		2C8D701623588E5300F6442E /* Build configuration list for PBXProject "DataMimePOC" */ = {
			isa = XCConfigurationList;
			buildConfigurations = (
				2C8D702D23588E5600F6442E /* Debug */,
				2C8D702E23588E5600F6442E /* Release */,
			);
			defaultConfigurationIsVisible = 0;
			defaultConfigurationName = Release;
		};
		2C8D702F23588E5600F6442E /* Build configuration list for PBXNativeTarget "DataMimePOC" */ = {
			isa = XCConfigurationList;
			buildConfigurations = (
				2C8D703023588E5600F6442E /* Debug */,
				2C8D703123588E5600F6442E /* Release */,
			);
			defaultConfigurationIsVisible = 0;
			defaultConfigurationName = Release;
		};
/* End XCConfigurationList section */
	};
	rootObject = 2C8D701323588E5300F6442E /* Project object */;
}
